
Microsoft Visual Studio Solution File, Format Version 12.00
# Visual Studio Version 16
VisualStudioVersion = 16.0.30114.105
MinimumVisualStudioVersion = 10.0.40219.1
Project("{2150E333-8FDC-42A3-9474-1A3956D46DE8}") = "Auth", "Auth", "{1A0610A2-CBA0-4D8D-B9A5-2CAEE0266133}"
EndProject
Project("{2150E333-8FDC-42A3-9474-1A3956D46DE8}") = "AdminUI", "AdminUI", "{02DAA24E-85A4-4EC1-92B6-35568FFC3714}"
EndProject
Project("{2150E333-8FDC-42A3-9474-1A3956D46DE8}") = "CMS", "CMS", "{69B44AD9-0320-4FE9-B10D-D018B5CF4A9A}"
EndProject
Project("{2150E333-8FDC-42A3-9474-1A3956D46DE8}") = "Shared", "Shared", "{484F11D2-8B9E-4CC4-AFA5-5284BCF3B1D5}"
EndProject
Project("{2150E333-8FDC-42A3-9474-1A3956D46DE8}") = "WebsiteUI", "WebsiteUI", "{00D7A848-01F9-4417-9BD2-43F770342A30}"
EndProject
Project("{2150E333-8FDC-42A3-9474-1A3956D46DE8}") = "UsersPanel", "UsersPanel", "{4E34115C-1EB2-4719-80A9-85091651CF44}"
EndProject
Project("{FAE04EC0-301F-11D3-BF4B-00C04F79EFBC}") = "Project.Auth", "src\Auth\Project.Auth\Project.Auth.csproj", "{D9DBE9E4-7A27-47A1-B677-D3E6A3EEF3C3}"
EndProject
Project("{FAE04EC0-301F-11D3-BF4B-00C04F79EFBC}") = "Project.AdminUI", "src\AdminUI\Project.AdminUI\Project.AdminUI.csproj", "{58826B90-CEF5-4D1C-AA9F-35104F92EE72}"
EndProject
Global
	GlobalSection(SolutionConfigurationPlatforms) = preSolution
		Debug|Any CPU = Debug|Any CPU
		Release|Any CPU = Release|Any CPU
	EndGlobalSection
	GlobalSection(SolutionProperties) = preSolution
		HideSolutionNode = FALSE
	EndGlobalSection
	GlobalSection(ProjectConfigurationPlatforms) = postSolution
		{D9DBE9E4-7A27-47A1-B677-D3E6A3EEF3C3}.Debug|Any CPU.ActiveCfg = Debug|Any CPU
		{D9DBE9E4-7A27-47A1-B677-D3E6A3EEF3C3}.Debug|Any CPU.Build.0 = Debug|Any CPU
		{D9DBE9E4-7A27-47A1-B677-D3E6A3EEF3C3}.Release|Any CPU.ActiveCfg = Release|Any CPU
		{D9DBE9E4-7A27-47A1-B677-D3E6A3EEF3C3}.Release|Any CPU.Build.0 = Release|Any CPU
		{58826B90-CEF5-4D1C-AA9F-35104F92EE72}.Debug|Any CPU.ActiveCfg = Debug|Any CPU
		{58826B90-CEF5-4D1C-AA9F-35104F92EE72}.Debug|Any CPU.Build.0 = Debug|Any CPU
		{58826B90-CEF5-4D1C-AA9F-35104F92EE72}.Release|Any CPU.ActiveCfg = Release|Any CPU
		{58826B90-CEF5-4D1C-AA9F-35104F92EE72}.Release|Any CPU.Build.0 = Release|Any CPU
	EndGlobalSection
	GlobalSection(NestedProjects) = preSolution
		{D9DBE9E4-7A27-47A1-B677-D3E6A3EEF3C3} = {1A0610A2-CBA0-4D8D-B9A5-2CAEE0266133}
		{58826B90-CEF5-4D1C-AA9F-35104F92EE72} = {02DAA24E-85A4-4EC1-92B6-35568FFC3714}
	EndGlobalSection
EndGlobal
