
Microsoft Visual Studio Solution File, Format Version 12.00
# Visual Studio Version 16
VisualStudioVersion = 16.0.30114.105
MinimumVisualStudioVersion = 10.0.40219.1
Project("{2150E333-8FDC-42A3-9474-1A3956D46DE8}") = "Auth", "Auth", "{1A0610A2-CBA0-4D8D-B9A5-2CAEE0266133}"
EndProject
Project("{2150E333-8FDC-42A3-9474-1A3956D46DE8}") = "AdminUI", "AdminUI", "{02DAA24E-85A4-4EC1-92B6-35568FFC3714}"
EndProject
Project("{2150E333-8FDC-42A3-9474-1A3956D46DE8}") = "CMS", "CMS", "{69B44AD9-0320-4FE9-B10D-D018B5CF4A9A}"
EndProject
Project("{2150E333-8FDC-42A3-9474-1A3956D46DE8}") = "Shared", "Shared", "{484F11D2-8B9E-4CC4-AFA5-5284BCF3B1D5}"
EndProject
Project("{2150E333-8FDC-42A3-9474-1A3956D46DE8}") = "WebsiteUI", "WebsiteUI", "{00D7A848-01F9-4417-9BD2-43F770342A30}"
EndProject
Project("{2150E333-8FDC-42A3-9474-1A3956D46DE8}") = "UsersPanel", "UsersPanel", "{4E34115C-1EB2-4719-80A9-85091651CF44}"
EndProject
Project("{FAE04EC0-301F-11D3-BF4B-00C04F79EFBC}") = "Project.Auth", "src\Auth\Project.Auth\Project.Auth.csproj", "{D9DBE9E4-7A27-47A1-B677-D3E6A3EEF3C3}"
EndProject
Project("{FAE04EC0-301F-11D3-BF4B-00C04F79EFBC}") = "Project.AdminUI", "src\AdminUI\Project.AdminUI\Project.AdminUI.csproj", "{58826B90-CEF5-4D1C-AA9F-35104F92EE72}"
EndProject
Project("{2150E333-8FDC-42A3-9474-1A3956D46DE8}") = "Common", "Common", "{69BD9526-D5CD-431C-8D0C-E18E7E91894C}"
EndProject
Project("{FAE04EC0-301F-11D3-BF4B-00C04F79EFBC}") = "Project.Common", "src\Shared\Common\Project.Common\Project.Common.csproj", "{A3CCD5C9-AB1A-4E13-9389-48FD4AF6C93D}"
EndProject
Project("{2150E333-8FDC-42A3-9474-1A3956D46DE8}") = "Presentation", "Presentation", "{D32511CD-D0B8-4F86-82A6-04396909ADF8}"
EndProject
Project("{2150E333-8FDC-42A3-9474-1A3956D46DE8}") = "Infrastructure", "Infrastructure", "{B81153E8-639C-4F42-9B76-F0A094E2495F}"
EndProject
Project("{2150E333-8FDC-42A3-9474-1A3956D46DE8}") = "Core", "Core", "{9690211D-E9B3-4738-A17F-2CB4824962D4}"
EndProject
Project("{FAE04EC0-301F-11D3-BF4B-00C04F79EFBC}") = "Project.Domain", "src\CMS\Project.CMS.Api\Core\Project.Domain\Project.Domain.csproj", "{B882AC8E-D96A-4642-9439-CB21600B4F2B}"
EndProject
Project("{FAE04EC0-301F-11D3-BF4B-00C04F79EFBC}") = "Project.Application", "src\CMS\Project.CMS.Api\Core\Project.Application\Project.Application.csproj", "{AA41AF14-C471-49A3-A017-FF2BC7ED3ED5}"
EndProject
Project("{FAE04EC0-301F-11D3-BF4B-00C04F79EFBC}") = "Project.Infrastructure", "src\CMS\Project.CMS.Api\Infrastructure\Project.Infrastructure\Project.Infrastructure.csproj", "{FEC1ED0D-3F1E-41CC-BC55-BB2058217198}"
EndProject
Project("{FAE04EC0-301F-11D3-BF4B-00C04F79EFBC}") = "Project.WebFrameworks", "src\CMS\Project.CMS.Api\Presentation\Project.WebFrameworks\Project.WebFrameworks.csproj", "{0E921FF8-CC7A-4C8F-9CCD-FEDD072B2494}"
EndProject
Project("{FAE04EC0-301F-11D3-BF4B-00C04F79EFBC}") = "Project.Api", "src\CMS\Project.CMS.Api\Presentation\Project.Api\Project.Api.csproj", "{805A97AE-029A-4CA4-8A62-AA202BEFFE19}"
EndProject
Project("{2150E333-8FDC-42A3-9474-1A3956D46DE8}") = "KSFramework", "KSFramework", "{9E1FB7EB-3BEC-439D-98FD-64CC604DE607}"
EndProject
Project("{FAE04EC0-301F-11D3-BF4B-00C04F79EFBC}") = "KSFramework", "src\Shared\KSFramework\KSFramework.csproj", "{918B876E-E72F-4394-A298-B2BF1253C326}"
EndProject
Global
	GlobalSection(SolutionConfigurationPlatforms) = preSolution
		Debug|Any CPU = Debug|Any CPU
		Release|Any CPU = Release|Any CPU
	EndGlobalSection
	GlobalSection(SolutionProperties) = preSolution
		HideSolutionNode = FALSE
	EndGlobalSection
	GlobalSection(ProjectConfigurationPlatforms) = postSolution
		{D9DBE9E4-7A27-47A1-B677-D3E6A3EEF3C3}.Debug|Any CPU.ActiveCfg = Debug|Any CPU
		{D9DBE9E4-7A27-47A1-B677-D3E6A3EEF3C3}.Debug|Any CPU.Build.0 = Debug|Any CPU
		{D9DBE9E4-7A27-47A1-B677-D3E6A3EEF3C3}.Release|Any CPU.ActiveCfg = Release|Any CPU
		{D9DBE9E4-7A27-47A1-B677-D3E6A3EEF3C3}.Release|Any CPU.Build.0 = Release|Any CPU
		{58826B90-CEF5-4D1C-AA9F-35104F92EE72}.Debug|Any CPU.ActiveCfg = Debug|Any CPU
		{58826B90-CEF5-4D1C-AA9F-35104F92EE72}.Debug|Any CPU.Build.0 = Debug|Any CPU
		{58826B90-CEF5-4D1C-AA9F-35104F92EE72}.Release|Any CPU.ActiveCfg = Release|Any CPU
		{58826B90-CEF5-4D1C-AA9F-35104F92EE72}.Release|Any CPU.Build.0 = Release|Any CPU
		{A3CCD5C9-AB1A-4E13-9389-48FD4AF6C93D}.Debug|Any CPU.ActiveCfg = Debug|Any CPU
		{A3CCD5C9-AB1A-4E13-9389-48FD4AF6C93D}.Debug|Any CPU.Build.0 = Debug|Any CPU
		{A3CCD5C9-AB1A-4E13-9389-48FD4AF6C93D}.Release|Any CPU.ActiveCfg = Release|Any CPU
		{A3CCD5C9-AB1A-4E13-9389-48FD4AF6C93D}.Release|Any CPU.Build.0 = Release|Any CPU
		{B882AC8E-D96A-4642-9439-CB21600B4F2B}.Debug|Any CPU.ActiveCfg = Debug|Any CPU
		{B882AC8E-D96A-4642-9439-CB21600B4F2B}.Debug|Any CPU.Build.0 = Debug|Any CPU
		{B882AC8E-D96A-4642-9439-CB21600B4F2B}.Release|Any CPU.ActiveCfg = Release|Any CPU
		{B882AC8E-D96A-4642-9439-CB21600B4F2B}.Release|Any CPU.Build.0 = Release|Any CPU
		{AA41AF14-C471-49A3-A017-FF2BC7ED3ED5}.Debug|Any CPU.ActiveCfg = Debug|Any CPU
		{AA41AF14-C471-49A3-A017-FF2BC7ED3ED5}.Debug|Any CPU.Build.0 = Debug|Any CPU
		{AA41AF14-C471-49A3-A017-FF2BC7ED3ED5}.Release|Any CPU.ActiveCfg = Release|Any CPU
		{AA41AF14-C471-49A3-A017-FF2BC7ED3ED5}.Release|Any CPU.Build.0 = Release|Any CPU
		{FEC1ED0D-3F1E-41CC-BC55-BB2058217198}.Debug|Any CPU.ActiveCfg = Debug|Any CPU
		{FEC1ED0D-3F1E-41CC-BC55-BB2058217198}.Debug|Any CPU.Build.0 = Debug|Any CPU
		{FEC1ED0D-3F1E-41CC-BC55-BB2058217198}.Release|Any CPU.ActiveCfg = Release|Any CPU
		{FEC1ED0D-3F1E-41CC-BC55-BB2058217198}.Release|Any CPU.Build.0 = Release|Any CPU
		{0E921FF8-CC7A-4C8F-9CCD-FEDD072B2494}.Debug|Any CPU.ActiveCfg = Debug|Any CPU
		{0E921FF8-CC7A-4C8F-9CCD-FEDD072B2494}.Debug|Any CPU.Build.0 = Debug|Any CPU
		{0E921FF8-CC7A-4C8F-9CCD-FEDD072B2494}.Release|Any CPU.ActiveCfg = Release|Any CPU
		{0E921FF8-CC7A-4C8F-9CCD-FEDD072B2494}.Release|Any CPU.Build.0 = Release|Any CPU
		{805A97AE-029A-4CA4-8A62-AA202BEFFE19}.Debug|Any CPU.ActiveCfg = Debug|Any CPU
		{805A97AE-029A-4CA4-8A62-AA202BEFFE19}.Debug|Any CPU.Build.0 = Debug|Any CPU
		{805A97AE-029A-4CA4-8A62-AA202BEFFE19}.Release|Any CPU.ActiveCfg = Release|Any CPU
		{805A97AE-029A-4CA4-8A62-AA202BEFFE19}.Release|Any CPU.Build.0 = Release|Any CPU
		{918B876E-E72F-4394-A298-B2BF1253C326}.Debug|Any CPU.ActiveCfg = Debug|Any CPU
		{918B876E-E72F-4394-A298-B2BF1253C326}.Debug|Any CPU.Build.0 = Debug|Any CPU
		{918B876E-E72F-4394-A298-B2BF1253C326}.Release|Any CPU.ActiveCfg = Release|Any CPU
		{918B876E-E72F-4394-A298-B2BF1253C326}.Release|Any CPU.Build.0 = Release|Any CPU
	EndGlobalSection
	GlobalSection(NestedProjects) = preSolution
		{D9DBE9E4-7A27-47A1-B677-D3E6A3EEF3C3} = {1A0610A2-CBA0-4D8D-B9A5-2CAEE0266133}
		{58826B90-CEF5-4D1C-AA9F-35104F92EE72} = {02DAA24E-85A4-4EC1-92B6-35568FFC3714}
		{69BD9526-D5CD-431C-8D0C-E18E7E91894C} = {484F11D2-8B9E-4CC4-AFA5-5284BCF3B1D5}
		{A3CCD5C9-AB1A-4E13-9389-48FD4AF6C93D} = {69BD9526-D5CD-431C-8D0C-E18E7E91894C}
		{D32511CD-D0B8-4F86-82A6-04396909ADF8} = {69B44AD9-0320-4FE9-B10D-D018B5CF4A9A}
		{B81153E8-639C-4F42-9B76-F0A094E2495F} = {69B44AD9-0320-4FE9-B10D-D018B5CF4A9A}
		{9690211D-E9B3-4738-A17F-2CB4824962D4} = {69B44AD9-0320-4FE9-B10D-D018B5CF4A9A}
		{B882AC8E-D96A-4642-9439-CB21600B4F2B} = {9690211D-E9B3-4738-A17F-2CB4824962D4}
		{AA41AF14-C471-49A3-A017-FF2BC7ED3ED5} = {9690211D-E9B3-4738-A17F-2CB4824962D4}
		{FEC1ED0D-3F1E-41CC-BC55-BB2058217198} = {B81153E8-639C-4F42-9B76-F0A094E2495F}
		{0E921FF8-CC7A-4C8F-9CCD-FEDD072B2494} = {D32511CD-D0B8-4F86-82A6-04396909ADF8}
		{805A97AE-029A-4CA4-8A62-AA202BEFFE19} = {D32511CD-D0B8-4F86-82A6-04396909ADF8}
		{9E1FB7EB-3BEC-439D-98FD-64CC604DE607} = {484F11D2-8B9E-4CC4-AFA5-5284BCF3B1D5}
		{918B876E-E72F-4394-A298-B2BF1253C326} = {9E1FB7EB-3BEC-439D-98FD-64CC604DE607}
	EndGlobalSection
EndGlobal
