
Microsoft Visual Studio Solution File, Format Version 12.00
# Visual Studio Version 16
VisualStudioVersion = 16.0.30114.105
MinimumVisualStudioVersion = 10.0.40219.1
Project("{2150E333-8FDC-42A3-9474-1A3956D46DE8}") = "Presentation", "Presentation", "{446C38C2-1039-414C-A495-E69A2C93C3D3}"
EndProject
Project("{FAE04EC0-301F-11D3-BF4B-00C04F79EFBC}") = "Project.BlazorApp", "src\Presentation\Project.BlazorApp\Project.BlazorApp.csproj", "{C79EE61C-AE7A-424C-B398-37296CC3B8D2}"
EndProject
Project("{2150E333-8FDC-42A3-9474-1A3956D46DE8}") = "Common", "Common", "{4F959AB9-D1D3-4960-9DDC-3C1D7A1A3715}"
EndProject
Project("{FAE04EC0-301F-11D3-BF4B-00C04F79EFBC}") = "Project.Common", "src\Common\Project.Common\Project.Common.csproj", "{2EF777D4-0117-4D9D-B64B-3E7261A13344}"
EndProject
Project("{2150E333-8FDC-42A3-9474-1A3956D46DE8}") = "Core", "Core", "{8BC05F95-1DA5-4EC6-86C0-FBE27C843EB6}"
EndProject
Project("{FAE04EC0-301F-11D3-BF4B-00C04F79EFBC}") = "Project.Domain", "src\Core\Project.Domain\Project.Domain.csproj", "{6AB5F080-6DB0-4D3F-8D1D-E9129D462162}"
EndProject
Project("{FAE04EC0-301F-11D3-BF4B-00C04F79EFBC}") = "Project.Application", "src\Core\Project.Application\Project.Application.csproj", "{23C8B8C5-6882-41F8-9F0C-2B9683CAC990}"
EndProject
Project("{2150E333-8FDC-42A3-9474-1A3956D46DE8}") = "Infrastructure", "Infrastructure", "{D3A4A458-35D3-4904-93FC-3CD78D78EC04}"
EndProject
Project("{FAE04EC0-301F-11D3-BF4B-00C04F79EFBC}") = "Project.Infrastructure", "src\Infrastructure\Project.Infrastructure\Project.Infrastructure.csproj", "{63D65C3F-96D4-4E87-85B1-BE0FE1FD3623}"
EndProject
Project("{FAE04EC0-301F-11D3-BF4B-00C04F79EFBC}") = "Project.Api", "src\Presentation\Project.Api\Project.Api.csproj", "{3F5712F1-239E-4A97-9CE9-C81F816583B1}"
EndProject
Project("{FAE04EC0-301F-11D3-BF4B-00C04F79EFBC}") = "Project.WebFrameworks", "src\Presentation\Project.WebFrameworks\Project.WebFrameworks.csproj", "{418DDBBD-32D5-499D-9BFF-F5F8359FC167}"
EndProject
Project("{2150E333-8FDC-42A3-9474-1A3956D46DE8}") = "Notes", "Notes", "{A173A1E2-3B32-4527-BBBB-091E816FD46D}"
	ProjectSection(SolutionItems) = preProject
		notes\DbMigration.txt = notes\DbMigration.txt
	EndProjectSection
EndProject
Global
	GlobalSection(SolutionConfigurationPlatforms) = preSolution
		Debug|Any CPU = Debug|Any CPU
		Debug|x64 = Debug|x64
		Debug|x86 = Debug|x86
		Release|Any CPU = Release|Any CPU
		Release|x64 = Release|x64
		Release|x86 = Release|x86
	EndGlobalSection
	GlobalSection(SolutionProperties) = preSolution
		HideSolutionNode = FALSE
	EndGlobalSection
	GlobalSection(ProjectConfigurationPlatforms) = postSolution
		{C79EE61C-AE7A-424C-B398-37296CC3B8D2}.Debug|Any CPU.ActiveCfg = Debug|Any CPU
		{C79EE61C-AE7A-424C-B398-37296CC3B8D2}.Debug|Any CPU.Build.0 = Debug|Any CPU
		{C79EE61C-AE7A-424C-B398-37296CC3B8D2}.Debug|x64.ActiveCfg = Debug|Any CPU
		{C79EE61C-AE7A-424C-B398-37296CC3B8D2}.Debug|x64.Build.0 = Debug|Any CPU
		{C79EE61C-AE7A-424C-B398-37296CC3B8D2}.Debug|x86.ActiveCfg = Debug|Any CPU
		{C79EE61C-AE7A-424C-B398-37296CC3B8D2}.Debug|x86.Build.0 = Debug|Any CPU
		{C79EE61C-AE7A-424C-B398-37296CC3B8D2}.Release|Any CPU.ActiveCfg = Release|Any CPU
		{C79EE61C-AE7A-424C-B398-37296CC3B8D2}.Release|Any CPU.Build.0 = Release|Any CPU
		{C79EE61C-AE7A-424C-B398-37296CC3B8D2}.Release|x64.ActiveCfg = Release|Any CPU
		{C79EE61C-AE7A-424C-B398-37296CC3B8D2}.Release|x64.Build.0 = Release|Any CPU
		{C79EE61C-AE7A-424C-B398-37296CC3B8D2}.Release|x86.ActiveCfg = Release|Any CPU
		{C79EE61C-AE7A-424C-B398-37296CC3B8D2}.Release|x86.Build.0 = Release|Any CPU
		{2EF777D4-0117-4D9D-B64B-3E7261A13344}.Debug|Any CPU.ActiveCfg = Debug|Any CPU
		{2EF777D4-0117-4D9D-B64B-3E7261A13344}.Debug|Any CPU.Build.0 = Debug|Any CPU
		{2EF777D4-0117-4D9D-B64B-3E7261A13344}.Debug|x64.ActiveCfg = Debug|Any CPU
		{2EF777D4-0117-4D9D-B64B-3E7261A13344}.Debug|x64.Build.0 = Debug|Any CPU
		{2EF777D4-0117-4D9D-B64B-3E7261A13344}.Debug|x86.ActiveCfg = Debug|Any CPU
		{2EF777D4-0117-4D9D-B64B-3E7261A13344}.Debug|x86.Build.0 = Debug|Any CPU
		{2EF777D4-0117-4D9D-B64B-3E7261A13344}.Release|Any CPU.ActiveCfg = Release|Any CPU
		{2EF777D4-0117-4D9D-B64B-3E7261A13344}.Release|Any CPU.Build.0 = Release|Any CPU
		{2EF777D4-0117-4D9D-B64B-3E7261A13344}.Release|x64.ActiveCfg = Release|Any CPU
		{2EF777D4-0117-4D9D-B64B-3E7261A13344}.Release|x64.Build.0 = Release|Any CPU
		{2EF777D4-0117-4D9D-B64B-3E7261A13344}.Release|x86.ActiveCfg = Release|Any CPU
		{2EF777D4-0117-4D9D-B64B-3E7261A13344}.Release|x86.Build.0 = Release|Any CPU
		{6AB5F080-6DB0-4D3F-8D1D-E9129D462162}.Debug|Any CPU.ActiveCfg = Debug|Any CPU
		{6AB5F080-6DB0-4D3F-8D1D-E9129D462162}.Debug|Any CPU.Build.0 = Debug|Any CPU
		{6AB5F080-6DB0-4D3F-8D1D-E9129D462162}.Debug|x64.ActiveCfg = Debug|Any CPU
		{6AB5F080-6DB0-4D3F-8D1D-E9129D462162}.Debug|x64.Build.0 = Debug|Any CPU
		{6AB5F080-6DB0-4D3F-8D1D-E9129D462162}.Debug|x86.ActiveCfg = Debug|Any CPU
		{6AB5F080-6DB0-4D3F-8D1D-E9129D462162}.Debug|x86.Build.0 = Debug|Any CPU
		{6AB5F080-6DB0-4D3F-8D1D-E9129D462162}.Release|Any CPU.ActiveCfg = Release|Any CPU
		{6AB5F080-6DB0-4D3F-8D1D-E9129D462162}.Release|Any CPU.Build.0 = Release|Any CPU
		{6AB5F080-6DB0-4D3F-8D1D-E9129D462162}.Release|x64.ActiveCfg = Release|Any CPU
		{6AB5F080-6DB0-4D3F-8D1D-E9129D462162}.Release|x64.Build.0 = Release|Any CPU
		{6AB5F080-6DB0-4D3F-8D1D-E9129D462162}.Release|x86.ActiveCfg = Release|Any CPU
		{6AB5F080-6DB0-4D3F-8D1D-E9129D462162}.Release|x86.Build.0 = Release|Any CPU
		{23C8B8C5-6882-41F8-9F0C-2B9683CAC990}.Debug|Any CPU.ActiveCfg = Debug|Any CPU
		{23C8B8C5-6882-41F8-9F0C-2B9683CAC990}.Debug|Any CPU.Build.0 = Debug|Any CPU
		{23C8B8C5-6882-41F8-9F0C-2B9683CAC990}.Debug|x64.ActiveCfg = Debug|Any CPU
		{23C8B8C5-6882-41F8-9F0C-2B9683CAC990}.Debug|x64.Build.0 = Debug|Any CPU
		{23C8B8C5-6882-41F8-9F0C-2B9683CAC990}.Debug|x86.ActiveCfg = Debug|Any CPU
		{23C8B8C5-6882-41F8-9F0C-2B9683CAC990}.Debug|x86.Build.0 = Debug|Any CPU
		{23C8B8C5-6882-41F8-9F0C-2B9683CAC990}.Release|Any CPU.ActiveCfg = Release|Any CPU
		{23C8B8C5-6882-41F8-9F0C-2B9683CAC990}.Release|Any CPU.Build.0 = Release|Any CPU
		{23C8B8C5-6882-41F8-9F0C-2B9683CAC990}.Release|x64.ActiveCfg = Release|Any CPU
		{23C8B8C5-6882-41F8-9F0C-2B9683CAC990}.Release|x64.Build.0 = Release|Any CPU
		{23C8B8C5-6882-41F8-9F0C-2B9683CAC990}.Release|x86.ActiveCfg = Release|Any CPU
		{23C8B8C5-6882-41F8-9F0C-2B9683CAC990}.Release|x86.Build.0 = Release|Any CPU
		{63D65C3F-96D4-4E87-85B1-BE0FE1FD3623}.Debug|Any CPU.ActiveCfg = Debug|Any CPU
		{63D65C3F-96D4-4E87-85B1-BE0FE1FD3623}.Debug|Any CPU.Build.0 = Debug|Any CPU
		{63D65C3F-96D4-4E87-85B1-BE0FE1FD3623}.Debug|x64.ActiveCfg = Debug|Any CPU
		{63D65C3F-96D4-4E87-85B1-BE0FE1FD3623}.Debug|x64.Build.0 = Debug|Any CPU
		{63D65C3F-96D4-4E87-85B1-BE0FE1FD3623}.Debug|x86.ActiveCfg = Debug|Any CPU
		{63D65C3F-96D4-4E87-85B1-BE0FE1FD3623}.Debug|x86.Build.0 = Debug|Any CPU
		{63D65C3F-96D4-4E87-85B1-BE0FE1FD3623}.Release|Any CPU.ActiveCfg = Release|Any CPU
		{63D65C3F-96D4-4E87-85B1-BE0FE1FD3623}.Release|Any CPU.Build.0 = Release|Any CPU
		{63D65C3F-96D4-4E87-85B1-BE0FE1FD3623}.Release|x64.ActiveCfg = Release|Any CPU
		{63D65C3F-96D4-4E87-85B1-BE0FE1FD3623}.Release|x64.Build.0 = Release|Any CPU
		{63D65C3F-96D4-4E87-85B1-BE0FE1FD3623}.Release|x86.ActiveCfg = Release|Any CPU
		{63D65C3F-96D4-4E87-85B1-BE0FE1FD3623}.Release|x86.Build.0 = Release|Any CPU
		{3F5712F1-239E-4A97-9CE9-C81F816583B1}.Debug|Any CPU.ActiveCfg = Debug|Any CPU
		{3F5712F1-239E-4A97-9CE9-C81F816583B1}.Debug|Any CPU.Build.0 = Debug|Any CPU
		{3F5712F1-239E-4A97-9CE9-C81F816583B1}.Debug|x64.ActiveCfg = Debug|Any CPU
		{3F5712F1-239E-4A97-9CE9-C81F816583B1}.Debug|x64.Build.0 = Debug|Any CPU
		{3F5712F1-239E-4A97-9CE9-C81F816583B1}.Debug|x86.ActiveCfg = Debug|Any CPU
		{3F5712F1-239E-4A97-9CE9-C81F816583B1}.Debug|x86.Build.0 = Debug|Any CPU
		{3F5712F1-239E-4A97-9CE9-C81F816583B1}.Release|Any CPU.ActiveCfg = Release|Any CPU
		{3F5712F1-239E-4A97-9CE9-C81F816583B1}.Release|Any CPU.Build.0 = Release|Any CPU
		{3F5712F1-239E-4A97-9CE9-C81F816583B1}.Release|x64.ActiveCfg = Release|Any CPU
		{3F5712F1-239E-4A97-9CE9-C81F816583B1}.Release|x64.Build.0 = Release|Any CPU
		{3F5712F1-239E-4A97-9CE9-C81F816583B1}.Release|x86.ActiveCfg = Release|Any CPU
		{3F5712F1-239E-4A97-9CE9-C81F816583B1}.Release|x86.Build.0 = Release|Any CPU
		{418DDBBD-32D5-499D-9BFF-F5F8359FC167}.Debug|Any CPU.ActiveCfg = Debug|Any CPU
		{418DDBBD-32D5-499D-9BFF-F5F8359FC167}.Debug|Any CPU.Build.0 = Debug|Any CPU
		{418DDBBD-32D5-499D-9BFF-F5F8359FC167}.Debug|x64.ActiveCfg = Debug|Any CPU
		{418DDBBD-32D5-499D-9BFF-F5F8359FC167}.Debug|x64.Build.0 = Debug|Any CPU
		{418DDBBD-32D5-499D-9BFF-F5F8359FC167}.Debug|x86.ActiveCfg = Debug|Any CPU
		{418DDBBD-32D5-499D-9BFF-F5F8359FC167}.Debug|x86.Build.0 = Debug|Any CPU
		{418DDBBD-32D5-499D-9BFF-F5F8359FC167}.Release|Any CPU.ActiveCfg = Release|Any CPU
		{418DDBBD-32D5-499D-9BFF-F5F8359FC167}.Release|Any CPU.Build.0 = Release|Any CPU
		{418DDBBD-32D5-499D-9BFF-F5F8359FC167}.Release|x64.ActiveCfg = Release|Any CPU
		{418DDBBD-32D5-499D-9BFF-F5F8359FC167}.Release|x64.Build.0 = Release|Any CPU
		{418DDBBD-32D5-499D-9BFF-F5F8359FC167}.Release|x86.ActiveCfg = Release|Any CPU
		{418DDBBD-32D5-499D-9BFF-F5F8359FC167}.Release|x86.Build.0 = Release|Any CPU
	EndGlobalSection
	GlobalSection(NestedProjects) = preSolution
		{C79EE61C-AE7A-424C-B398-37296CC3B8D2} = {446C38C2-1039-414C-A495-E69A2C93C3D3}
		{2EF777D4-0117-4D9D-B64B-3E7261A13344} = {4F959AB9-D1D3-4960-9DDC-3C1D7A1A3715}
		{6AB5F080-6DB0-4D3F-8D1D-E9129D462162} = {8BC05F95-1DA5-4EC6-86C0-FBE27C843EB6}
		{23C8B8C5-6882-41F8-9F0C-2B9683CAC990} = {8BC05F95-1DA5-4EC6-86C0-FBE27C843EB6}
		{63D65C3F-96D4-4E87-85B1-BE0FE1FD3623} = {D3A4A458-35D3-4904-93FC-3CD78D78EC04}
		{3F5712F1-239E-4A97-9CE9-C81F816583B1} = {446C38C2-1039-414C-A495-E69A2C93C3D3}
		{418DDBBD-32D5-499D-9BFF-F5F8359FC167} = {446C38C2-1039-414C-A495-E69A2C93C3D3}
	EndGlobalSection
EndGlobal
